{
  "lockfileVersion": 1,
  "configVersion": 1,
  "workspaces": {
    "": {
      "name": "clockify-invoice",
      "dependencies": {
        "@fontsource/inter": "^5.3.0",
        "@fontsource/jetbrains-mono": "^5.3.0",
        "@fontsource/source-serif-4": "^5.3.0",
        "@pdf-lib/fontkit": "^1.1.1",
        "pdf-lib": "^1.17.1",
      },
      "devDependencies": {
        "@types/bun": "latest",
        "typescript": "^5.5.0",
        "wawoff2": "^2.0.1",
      },
    },
  },
  "packages": {
    "@fontsource/inter": ["@fontsource/inter@5.3.0", "", {}, "sha512-RofMylZmjlJEfELXeNHFWBRcSs75rGU/6bV2S2jfnvv/3rPXPGe0LgUJTklcHZ9lM4OZmAVFhcJPnACfb91A3g=="],

    "@fontsource/jetbrains-mono": ["@fontsource/jetbrains-mono@5.3.0", "", {}, "sha512-fqDfB5I9f1p1TV486aUgB9t8zP84P0O1FtQR5Ol9vjwPy+S+EIGlVYm1cvj2W5shcZMTg2nZFdVMoH5wFu8a1A=="],

    "@fontsource/source-serif-4": ["@fontsource/source-serif-4@5.3.0", "", {}, "sha512-yQz8xmIgMzks8zQbpuca3UYtjxK798XCyQAGdDXmzBgvV7sdoK6d0YvE9F9kiYxORCEMRBgGZDZsSYcXj5KvwA=="],

    "@pdf-lib/fontkit": ["@pdf-lib/fontkit@1.1.1", "", { "dependencies": { "pako": "^1.0.6" } }, "sha512-KjMd7grNapIWS/Dm0gvfHEilSyAmeLvrEGVcqLGi0VYebuqqzTbgF29efCx7tvx+IEbG3zQciRSWl3GkUSvjZg=="],

    "@pdf-lib/standard-fonts": ["@pdf-lib/standard-fonts@1.0.0", "", { "dependencies": { "pako": "^1.0.6" } }, "sha512-hU30BK9IUN/su0Mn9VdlVKsWBS6GyhVfqjwl1FjZN4TxP6cCw0jP2w7V3Hf5uX7M0AZJ16vey9yE0ny7Sa59ZA=="],

    "@pdf-lib/upng": ["@pdf-lib/upng@1.0.1", "", { "dependencies": { "pako": "^1.0.10" } }, "sha512-dQK2FUMQtowVP00mtIksrlZhdFXQZPC+taih1q4CvPZ5vqdxR/LKBaFg0oAfzd1GlHZXXSPdQfzQnt+ViGvEIQ=="],

    "@types/bun": ["@types/bun@1.3.14", "", { "dependencies": { "bun-types": "1.3.14" } }, "sha512-h1hFqFVcvAvD9j9K7ZW7vd82aSA+rTdznZa+5bwvCwqSB1jmmfLcbIWhOLx1/+boy/xmjgCs/OMUL8hRJSmnPw=="],

    "@types/node": ["@types/node@26.2.0", "", { "dependencies": { "undici-types": "~8.3.0" } }, "sha512-5IviulTZeRNp2vAJ514cc/HUlY5nZ9fCbq9DMyC52BrhFZACo3nI0R7qBxhQmo/d27NFe96ur/b7Wwxklda+kg=="],

    "argparse": ["argparse@2.0.1", "", {}, "sha512-8+9WqebbFzpX9OR+Wa6O29asIogeRMzcGtAINdpMHHyAg10f05aSFVBbcEqGf/PXw1EjAZ+q2/bEBg3DvurK3Q=="],

    "bun-types": ["bun-types@1.3.14", "", { "dependencies": { "@types/node": "*" } }, "sha512-4N0ig0fEomHt5R0KCFWjovxow98rIoRwKolrYdCcknNwMekCXRnWEUvgu5soYV8QXtVsrUD8B95MBOZGPvr6KQ=="],

    "pako": ["pako@1.0.11", "", {}, "sha512-4hLB8Py4zZce5s4yd9XzopqwVv/yGNhV1Bl8NTmCq1763HeK2+EwVTv+leGeL13Dnh2wfbqowVPXCIO0z4taYw=="],

    "pdf-lib": ["pdf-lib@1.17.1", "", { "dependencies": { "@pdf-lib/standard-fonts": "^1.0.0", "@pdf-lib/upng": "^1.0.1", "pako": "^1.0.11", "tslib": "^1.11.1" } }, "sha512-V/mpyJAoTsN4cnP31vc0wfNA1+p20evqqnap0KLoRUN0Yk/p3wN52DOEsL4oBFcLdb76hlpKPtzJIgo67j/XLw=="],

    "tslib": ["tslib@1.14.1", "", {}, "sha512-Xni35NKzjgMrwevysHTCArtLDpPvye8zV/0E4EyYn43P7/7qvQwPh9BGkHewbMulVntbigmcT7rdX3BNo9wRJg=="],

    "typescript": ["typescript@5.9.3", "", { "bin": { "tsc": "bin/tsc", "tsserver": "bin/tsserver" } }, "sha512-jl1vZzPDinLr9eUt3J/t7V6FgNEw9QjvBPdysz9KfQDD41fQrC2Y4vKQdiaUpFT4bXlb1RHhLpp8wtm6M5TgSw=="],

    "undici-types": ["undici-types@8.3.0", "", {}, "sha512-j375ScV60dom+YkPFIfTLcOiPxkN/buHz5GobjLhixFuANaNs3C9l4GmrWqejgXWJ7BbJcFYpTEUkS1Ge8bpZQ=="],

    "wawoff2": ["wawoff2@2.0.1", "", { "dependencies": { "argparse": "^2.0.1" }, "bin": { "woff2_compress.js": "bin/woff2_compress.js", "woff2_decompress.js": "bin/woff2_decompress.js" } }, "sha512-r0CEmvpH63r4T15ebFqeOjGqU4+EgTx4I510NtK35EMciSdcTxCw3Byy3JnBonz7iyIFZ0AbVo0bbFpEVuhCYA=="],
  }
}
